
Microsoft Visual Studio Solution File, Format Version 12.00
# Visual Studio 15
VisualStudioVersion = 15.0.28307.2017
MinimumVisualStudioVersion = 10.0.40219.1
Project("{2150E333-8FDC-42A3-9474-1A3956D46DE8}") = "Litware Lib", "Litware Lib", "{2A33D674-663B-44FE-B662-A457324BE505}"
EndProject
Project("{FAE04EC0-301F-11D3-BF4B-00C04F79EFBC}") = "Litware_Lib", "Litware_Lib\Litware_Lib.csproj", "{18D27D2E-1D24-443B-997A-099080F90940}"
EndProject
Project("{2150E333-8FDC-42A3-9474-1A3956D46DE8}") = "Employee_Management_System", "Employee_Management_System", "{20144105-C551-4068-A6A4-C315E595F91F}"
EndProject
Project("{FAE04EC0-301F-11D3-BF4B-00C04F79EFBC}") = "EmployeeManagementSystem", "EmployeeManagementSystem\EmployeeManagementSystem.csproj", "{2FEF2153-B8B2-4353-8DDE-15C407870EA9}"
EndProject
Global
	GlobalSection(SolutionConfigurationPlatforms) = preSolution
		Debug|Any CPU = Debug|Any CPU
		Release|Any CPU = Release|Any CPU
	EndGlobalSection
	GlobalSection(ProjectConfigurationPlatforms) = postSolution
		{18D27D2E-1D24-443B-997A-099080F90940}.Debug|Any CPU.ActiveCfg = Debug|Any CPU
		{18D27D2E-1D24-443B-997A-099080F90940}.Debug|Any CPU.Build.0 = Debug|Any CPU
		{18D27D2E-1D24-443B-997A-099080F90940}.Release|Any CPU.ActiveCfg = Release|Any CPU
		{18D27D2E-1D24-443B-997A-099080F90940}.Release|Any CPU.Build.0 = Release|Any CPU
		{2FEF2153-B8B2-4353-8DDE-15C407870EA9}.Debug|Any CPU.ActiveCfg = Debug|Any CPU
		{2FEF2153-B8B2-4353-8DDE-15C407870EA9}.Debug|Any CPU.Build.0 = Debug|Any CPU
		{2FEF2153-B8B2-4353-8DDE-15C407870EA9}.Release|Any CPU.ActiveCfg = Release|Any CPU
		{2FEF2153-B8B2-4353-8DDE-15C407870EA9}.Release|Any CPU.Build.0 = Release|Any CPU
	EndGlobalSection
	GlobalSection(SolutionProperties) = preSolution
		HideSolutionNode = FALSE
	EndGlobalSection
	GlobalSection(NestedProjects) = preSolution
		{18D27D2E-1D24-443B-997A-099080F90940} = {2A33D674-663B-44FE-B662-A457324BE505}
		{2FEF2153-B8B2-4353-8DDE-15C407870EA9} = {20144105-C551-4068-A6A4-C315E595F91F}
	EndGlobalSection
	GlobalSection(ExtensibilityGlobals) = postSolution
		SolutionGuid = {0175803A-22B9-4788-9DB9-5C8D13894E0A}
	EndGlobalSection
EndGlobal
